// !$*UTF8*$!
{
	archiveVersion = 1;
	classes = {
	};
	objectVersion = 55;
	objects = {

/* Begin PBXBuildFile section */
		3501192228AB1FD200681882 /* AppDelegate.swift in Sources */ = {isa = PBXBuildFile; fileRef = 3501192128AB1FD200681882 /* AppDelegate.swift */; };
		3501192428AB1FD200681882 /* SceneDelegate.swift in Sources */ = {isa = PBXBuildFile; fileRef = 3501192328AB1FD200681882 /* SceneDelegate.swift */; };
		3501192628AB1FD200681882 /* ViewController.swift in Sources */ = {isa = PBXBuildFile; fileRef = 3501192528AB1FD200681882 /* ViewController.swift */; };
		3501192928AB1FD200681882 /* Main.storyboard in Resources */ = {isa = PBXBuildFile; fileRef = 3501192728AB1FD200681882 /* Main.storyboard */; };
		3501192B28AB1FD300681882 /* Assets.xcassets in Resources */ = {isa = PBXBuildFile; fileRef = 3501192A28AB1FD300681882 /* Assets.xcassets */; };
		3501192E28AB1FD300681882 /* LaunchScreen.storyboard in Resources */ = {isa = PBXBuildFile; fileRef = 3501192C28AB1FD300681882 /* LaunchScreen.storyboard */; };
		357BA50A28ADDF5200F1AC10 /* UIViewController+Extension.swift in Sources */ = {isa = PBXBuildFile; fileRef = 357BA50928ADDF5200F1AC10 /* UIViewController+Extension.swift */; };
		357BA50F28ADE60300F1AC10 /* ProfileViewController.swift in Sources */ = {isa = PBXBuildFile; fileRef = 357BA50E28ADE60300F1AC10 /* ProfileViewController.swift */; };
		358D95B128AB2C940033BE8D /* SeSAC2UIFramework.framework in Frameworks */ = {isa = PBXBuildFile; fileRef = 3501194E28AB2C4D00681882 /* SeSAC2UIFramework.framework */; };
		358D95B228AB2C940033BE8D /* SeSAC2UIFramework.framework in Embed Frameworks */ = {isa = PBXBuildFile; fileRef = 3501194E28AB2C4D00681882 /* SeSAC2UIFramework.framework */; settings = {ATTRIBUTES = (CodeSignOnCopy, RemoveHeadersOnCopy, ); }; };
		358D95B828AB3A730033BE8D /* WalkThrough.storyboard in Resources */ = {isa = PBXBuildFile; fileRef = 358D95B728AB3A730033BE8D /* WalkThrough.storyboard */; };
		358D95BB28AB3A940033BE8D /* FirstViewController.swift in Sources */ = {isa = PBXBuildFile; fileRef = 358D95BA28AB3A940033BE8D /* FirstViewController.swift */; };
		358D95BD28AB40D80033BE8D /* SecondViewController.swift in Sources */ = {isa = PBXBuildFile; fileRef = 358D95BC28AB40D80033BE8D /* SecondViewController.swift */; };
		358D95BF28AB40E10033BE8D /* ThirdViewController.swift in Sources */ = {isa = PBXBuildFile; fileRef = 358D95BE28AB40E10033BE8D /* ThirdViewController.swift */; };
		358D95C128AB41030033BE8D /* WalkThroughViewController.swift in Sources */ = {isa = PBXBuildFile; fileRef = 358D95C028AB41030033BE8D /* WalkThroughViewController.swift */; };
		35B393D728BEF8D0000008C9 /* Observable.swift in Sources */ = {isa = PBXBuildFile; fileRef = 35B393D628BEF8D0000008C9 /* Observable.swift */; };
		35B393DB28BEFC6D000008C9 /* PersonViewModel.swift in Sources */ = {isa = PBXBuildFile; fileRef = 35B393DA28BEFC6D000008C9 /* PersonViewModel.swift */; };
		35C00D0428AC8254002EF8AE /* CodeSnapViewController.swift in Sources */ = {isa = PBXBuildFile; fileRef = 35C00D0328AC8254002EF8AE /* CodeSnapViewController.swift */; };
		35C00D0828AC8C11002EF8AE /* CodeSnap2ViewController.swift in Sources */ = {isa = PBXBuildFile; fileRef = 35C00D0728AC8C11002EF8AE /* CodeSnap2ViewController.swift */; };
		35D70A8828AF12750057B197 /* BaseViewController.swift in Sources */ = {isa = PBXBuildFile; fileRef = 35D70A8728AF12750057B197 /* BaseViewController.swift */; };
		35D70A8B28AF14500057B197 /* WriteViewController.swift in Sources */ = {isa = PBXBuildFile; fileRef = 35D70A8A28AF14500057B197 /* WriteViewController.swift */; };
		35D70A8D28AF16A70057B197 /* BaseView.swift in Sources */ = {isa = PBXBuildFile; fileRef = 35D70A8C28AF16A70057B197 /* BaseView.swift */; };
		35D70A8F28AF179C0057B197 /* WriteView.swift in Sources */ = {isa = PBXBuildFile; fileRef = 35D70A8E28AF179C0057B197 /* WriteView.swift */; };
		35E2EF8E28AF2D070051DA96 /* BlackRadiusTextField.swift in Sources */ = {isa = PBXBuildFile; fileRef = 35E2EF8D28AF2D070051DA96 /* BlackRadiusTextField.swift */; };
		35E51F3628BD954000F8015E /* LottoAPIManager.swift in Sources */ = {isa = PBXBuildFile; fileRef = 35E51F3528BD954000F8015E /* LottoAPIManager.swift */; };
		35E51F3828BD984A00F8015E /* LottoViewController.swift in Sources */ = {isa = PBXBuildFile; fileRef = 35E51F3728BD984A00F8015E /* LottoViewController.swift */; };
		35E51F3A28BD9C0000F8015E /* Lotto.swift in Sources */ = {isa = PBXBuildFile; fileRef = 35E51F3928BD9C0000F8015E /* Lotto.swift */; };
		35E51F3C28BDA74100F8015E /* PersonAPIManager.swift in Sources */ = {isa = PBXBuildFile; fileRef = 35E51F3B28BDA74100F8015E /* PersonAPIManager.swift */; };
		35E51F3F28BDA8B300F8015E /* Person.swift in Sources */ = {isa = PBXBuildFile; fileRef = 35E51F3E28BDA8B300F8015E /* Person.swift */; };
		35E51F4128BDB7A700F8015E /* URLSession+Extension.swift in Sources */ = {isa = PBXBuildFile; fileRef = 35E51F4028BDB7A700F8015E /* URLSession+Extension.swift */; };
		35F2DC8628AC71B400B4875F /* CodeViewController.swift in Sources */ = {isa = PBXBuildFile; fileRef = 35F2DC8528AC71B400B4875F /* CodeViewController.swift */; };
		35F2DC8928AC81BF00B4875F /* SnapKit in Frameworks */ = {isa = PBXBuildFile; productRef = 35F2DC8828AC81BF00B4875F /* SnapKit */; };
/* End PBXBuildFile section */

/* Begin PBXContainerItemProxy section */
		3501194D28AB2C4D00681882 /* PBXContainerItemProxy */ = {
			isa = PBXContainerItemProxy;
			containerPortal = 3501194828AB2C4D00681882 /* SeSAC2UIFramework.xcodeproj */;
			proxyType = 2;
			remoteGlobalIDString = 350118F928AB1BE300681882;
			remoteInfo = SeSAC2UIFramework;
		};
		3501194F28AB2C4D00681882 /* PBXContainerItemProxy */ = {
			isa = PBXContainerItemProxy;
			containerPortal = 3501194828AB2C4D00681882 /* SeSAC2UIFramework.xcodeproj */;
			proxyType = 2;
			remoteGlobalIDString = 3501190328AB1BE300681882;
			remoteInfo = SeSAC2UIFrameworkTests;
		};
/* End PBXContainerItemProxy section */

/* Begin PBXCopyFilesBuildPhase section */
		3501194128AB20FA00681882 /* Embed Frameworks */ = {
			isa = PBXCopyFilesBuildPhase;
			buildActionMask = 2147483647;
			dstPath = "";
			dstSubfolderSpec = 10;
			files = (
				358D95B228AB2C940033BE8D /* SeSAC2UIFramework.framework in Embed Frameworks */,
			);
			name = "Embed Frameworks";
			runOnlyForDeploymentPostprocessing = 0;
		};
/* End PBXCopyFilesBuildPhase section */

/* Begin PBXFileReference section */
		3501191E28AB1FD200681882 /* SeSAC2Week7Diary.app */ = {isa = PBXFileReference; explicitFileType = wrapper.application; includeInIndex = 0; path = SeSAC2Week7Diary.app; sourceTree = BUILT_PRODUCTS_DIR; };
		3501192128AB1FD200681882 /* AppDelegate.swift */ = {isa = PBXFileReference; lastKnownFileType = sourcecode.swift; path = AppDelegate.swift; sourceTree = "<group>"; };
		3501192328AB1FD200681882 /* SceneDelegate.swift */ = {isa = PBXFileReference; lastKnownFileType = sourcecode.swift; path = SceneDelegate.swift; sourceTree = "<group>"; };
		3501192528AB1FD200681882 /* ViewController.swift */ = {isa = PBXFileReference; lastKnownFileType = sourcecode.swift; path = ViewController.swift; sourceTree = "<group>"; };
		3501192828AB1FD200681882 /* Base */ = {isa = PBXFileReference; lastKnownFileType = file.storyboard; name = Base; path = Base.lproj/Main.storyboard; sourceTree = "<group>"; };
		3501192A28AB1FD300681882 /* Assets.xcassets */ = {isa = PBXFileReference; lastKnownFileType = folder.assetcatalog; path = Assets.xcassets; sourceTree = "<group>"; };
		3501192D28AB1FD300681882 /* Base */ = {isa = PBXFileReference; lastKnownFileType = file.storyboard; name = Base; path = Base.lproj/LaunchScreen.storyboard; sourceTree = "<group>"; };
		3501192F28AB1FD300681882 /* Info.plist */ = {isa = PBXFileReference; lastKnownFileType = text.plist.xml; path = Info.plist; sourceTree = "<group>"; };
		3501194828AB2C4D00681882 /* SeSAC2UIFramework.xcodeproj */ = {isa = PBXFileReference; lastKnownFileType = "wrapper.pb-project"; name = SeSAC2UIFramework.xcodeproj; path = ../SeSAC2UIFramework/SeSAC2UIFramework.xcodeproj; sourceTree = "<group>"; };
		357BA50928ADDF5200F1AC10 /* UIViewController+Extension.swift */ = {isa = PBXFileReference; lastKnownFileType = sourcecode.swift; path = "UIViewController+Extension.swift"; sourceTree = "<group>"; };
		357BA50E28ADE60300F1AC10 /* ProfileViewController.swift */ = {isa = PBXFileReference; lastKnownFileType = sourcecode.swift; path = ProfileViewController.swift; sourceTree = "<group>"; };
		358D95B728AB3A730033BE8D /* WalkThrough.storyboard */ = {isa = PBXFileReference; lastKnownFileType = file.storyboard; path = WalkThrough.storyboard; sourceTree = "<group>"; };
		358D95BA28AB3A940033BE8D /* FirstViewController.swift */ = {isa = PBXFileReference; lastKnownFileType = sourcecode.swift; path = FirstViewController.swift; sourceTree = "<group>"; };
		358D95BC28AB40D80033BE8D /* SecondViewController.swift */ = {isa = PBXFileReference; lastKnownFileType = sourcecode.swift; path = SecondViewController.swift; sourceTree = "<group>"; };
		358D95BE28AB40E10033BE8D /* ThirdViewController.swift */ = {isa = PBXFileReference; lastKnownFileType = sourcecode.swift; path = ThirdViewController.swift; sourceTree = "<group>"; };
		358D95C028AB41030033BE8D /* WalkThroughViewController.swift */ = {isa = PBXFileReference; lastKnownFileType = sourcecode.swift; path = WalkThroughViewController.swift; sourceTree = "<group>"; };
		35B393D628BEF8D0000008C9 /* Observable.swift */ = {isa = PBXFileReference; lastKnownFileType = sourcecode.swift; path = Observable.swift; sourceTree = "<group>"; };
		35B393DA28BEFC6D000008C9 /* PersonViewModel.swift */ = {isa = PBXFileReference; lastKnownFileType = sourcecode.swift; path = PersonViewModel.swift; sourceTree = "<group>"; };
		35C00D0328AC8254002EF8AE /* CodeSnapViewController.swift */ = {isa = PBXFileReference; lastKnownFileType = sourcecode.swift; path = CodeSnapViewController.swift; sourceTree = "<group>"; };
		35C00D0728AC8C11002EF8AE /* CodeSnap2ViewController.swift */ = {isa = PBXFileReference; lastKnownFileType = sourcecode.swift; path = CodeSnap2ViewController.swift; sourceTree = "<group>"; };
		35D70A8028AE9D550057B197 /* MyPlayground.playground */ = {isa = PBXFileReference; lastKnownFileType = file.playground; path = MyPlayground.playground; sourceTree = "<group>"; xcLanguageSpecificationIdentifier = xcode.lang.swift; };
		35D70A8728AF12750057B197 /* BaseViewController.swift */ = {isa = PBXFileReference; lastKnownFileType = sourcecode.swift; path = BaseViewController.swift; sourceTree = "<group>"; };
		35D70A8A28AF14500057B197 /* WriteViewController.swift */ = {isa = PBXFileReference; lastKnownFileType = sourcecode.swift; path = WriteViewController.swift; sourceTree = "<group>"; };
		35D70A8C28AF16A70057B197 /* BaseView.swift */ = {isa = PBXFileReference; lastKnownFileType = sourcecode.swift; path = BaseView.swift; sourceTree = "<group>"; };
		35D70A8E28AF179C0057B197 /* WriteView.swift */ = {isa = PBXFileReference; lastKnownFileType = sourcecode.swift; path = WriteView.swift; sourceTree = "<group>"; };
		35E2EF8D28AF2D070051DA96 /* BlackRadiusTextField.swift */ = {isa = PBXFileReference; lastKnownFileType = sourcecode.swift; path = BlackRadiusTextField.swift; sourceTree = "<group>"; };
		35E51F3528BD954000F8015E /* LottoAPIManager.swift */ = {isa = PBXFileReference; lastKnownFileType = sourcecode.swift; path = LottoAPIManager.swift; sourceTree = "<group>"; };
		35E51F3728BD984A00F8015E /* LottoViewController.swift */ = {isa = PBXFileReference; lastKnownFileType = sourcecode.swift; path = LottoViewController.swift; sourceTree = "<group>"; };
		35E51F3928BD9C0000F8015E /* Lotto.swift */ = {isa = PBXFileReference; lastKnownFileType = sourcecode.swift; path = Lotto.swift; sourceTree = "<group>"; };
		35E51F3B28BDA74100F8015E /* PersonAPIManager.swift */ = {isa = PBXFileReference; lastKnownFileType = sourcecode.swift; path = PersonAPIManager.swift; sourceTree = "<group>"; };
		35E51F3E28BDA8B300F8015E /* Person.swift */ = {isa = PBXFileReference; lastKnownFileType = sourcecode.swift; path = Person.swift; sourceTree = "<group>"; };
		35E51F4028BDB7A700F8015E /* URLSession+Extension.swift */ = {isa = PBXFileReference; lastKnownFileType = sourcecode.swift; path = "URLSession+Extension.swift"; sourceTree = "<group>"; };
		35F2DC8528AC71B400B4875F /* CodeViewController.swift */ = {isa = PBXFileReference; lastKnownFileType = sourcecode.swift; path = CodeViewController.swift; sourceTree = "<group>"; };
/* End PBXFileReference section */

/* Begin PBXFrameworksBuildPhase section */
		3501191B28AB1FD200681882 /* Frameworks */ = {
			isa = PBXFrameworksBuildPhase;
			buildActionMask = 2147483647;
			files = (
				358D95B128AB2C940033BE8D /* SeSAC2UIFramework.framework in Frameworks */,
				35F2DC8928AC81BF00B4875F /* SnapKit in Frameworks */,
			);
			runOnlyForDeploymentPostprocessing = 0;
		};
/* End PBXFrameworksBuildPhase section */

/* Begin PBXGroup section */
		3501191528AB1FD200681882 = {
			isa = PBXGroup;
			children = (
				3501194828AB2C4D00681882 /* SeSAC2UIFramework.xcodeproj */,
				3501192028AB1FD200681882 /* SeSAC2Week7Diary */,
				3501191F28AB1FD200681882 /* Products */,
				3501193E28AB20FA00681882 /* Frameworks */,
			);
			sourceTree = "<group>";
		};
		3501191F28AB1FD200681882 /* Products */ = {
			isa = PBXGroup;
			children = (
				3501191E28AB1FD200681882 /* SeSAC2Week7Diary.app */,
			);
			name = Products;
			sourceTree = "<group>";
		};
		3501192028AB1FD200681882 /* SeSAC2Week7Diary */ = {
			isa = PBXGroup;
			children = (
				35E51F3428BD952B00F8015E /* LottoAPIManager */,
				35E51F3D28BDA88B00F8015E /* Person */,
				35D70A8928AF142E0057B197 /* Diary */,
				35D70A8428AF12580057B197 /* Utility */,
				35F2DC8228AC719700B4875F /* CodeBase */,
				358D95B928AB3A790033BE8D /* WalkThrough */,
				357BA50D28ADDF5800F1AC10 /* Extension */,
				3501192128AB1FD200681882 /* AppDelegate.swift */,
				3501192328AB1FD200681882 /* SceneDelegate.swift */,
				3501192528AB1FD200681882 /* ViewController.swift */,
				35E51F4028BDB7A700F8015E /* URLSession+Extension.swift */,
				357BA50E28ADE60300F1AC10 /* ProfileViewController.swift */,
				3501192728AB1FD200681882 /* Main.storyboard */,
				35E51F3728BD984A00F8015E /* LottoViewController.swift */,
				35B393D628BEF8D0000008C9 /* Observable.swift */,
				3501192C28AB1FD300681882 /* LaunchScreen.storyboard */,
				3501192A28AB1FD300681882 /* Assets.xcassets */,
				35D70A8028AE9D550057B197 /* MyPlayground.playground */,
				3501192F28AB1FD300681882 /* Info.plist */,
			);
			path = SeSAC2Week7Diary;
			sourceTree = "<group>";
		};
		3501193E28AB20FA00681882 /* Frameworks */ = {
			isa = PBXGroup;
			children = (
			);
			name = Frameworks;
			sourceTree = "<group>";
		};
		3501194928AB2C4D00681882 /* Products */ = {
			isa = PBXGroup;
			children = (
				3501194E28AB2C4D00681882 /* SeSAC2UIFramework.framework */,
				3501195028AB2C4D00681882 /* SeSAC2UIFrameworkTests.xctest */,
			);
			name = Products;
			sourceTree = "<group>";
		};
		357BA50D28ADDF5800F1AC10 /* Extension */ = {
			isa = PBXGroup;
			children = (
				357BA50928ADDF5200F1AC10 /* UIViewController+Extension.swift */,
			);
			path = Extension;
			sourceTree = "<group>";
		};
		358D95B928AB3A790033BE8D /* WalkThrough */ = {
			isa = PBXGroup;
			children = (
				358D95B728AB3A730033BE8D /* WalkThrough.storyboard */,
				358D95BC28AB40D80033BE8D /* SecondViewController.swift */,
				358D95BE28AB40E10033BE8D /* ThirdViewController.swift */,
				358D95BA28AB3A940033BE8D /* FirstViewController.swift */,
				358D95C028AB41030033BE8D /* WalkThroughViewController.swift */,
			);
			path = WalkThrough;
			sourceTree = "<group>";
		};
		35D70A8428AF12580057B197 /* Utility */ = {
			isa = PBXGroup;
			children = (
				35D70A9028AF2CD60057B197 /* CustomView */,
				35D70A8728AF12750057B197 /* BaseViewController.swift */,
				35D70A8C28AF16A70057B197 /* BaseView.swift */,
			);
			path = Utility;
			sourceTree = "<group>";
		};
		35D70A8928AF142E0057B197 /* Diary */ = {
			isa = PBXGroup;
			children = (
				35D70A8A28AF14500057B197 /* WriteViewController.swift */,
				35D70A8E28AF179C0057B197 /* WriteView.swift */,
			);
			path = Diary;
			sourceTree = "<group>";
		};
		35D70A9028AF2CD60057B197 /* CustomView */ = {
			isa = PBXGroup;
			children = (
				35E2EF8D28AF2D070051DA96 /* BlackRadiusTextField.swift */,
			);
			path = CustomView;
			sourceTree = "<group>";
		};
		35E51F3428BD952B00F8015E /* LottoAPIManager */ = {
			isa = PBXGroup;
			children = (
				35E51F3528BD954000F8015E /* LottoAPIManager.swift */,
				35E51F3928BD9C0000F8015E /* Lotto.swift */,
			);
			path = LottoAPIManager;
			sourceTree = "<group>";
		};
		35E51F3D28BDA88B00F8015E /* Person */ = {
			isa = PBXGroup;
			children = (
				35E51F3B28BDA74100F8015E /* PersonAPIManager.swift */,
				35E51F3E28BDA8B300F8015E /* Person.swift */,
				35B393DA28BEFC6D000008C9 /* PersonViewModel.swift */,
			);
			path = Person;
			sourceTree = "<group>";
		};
		35F2DC8228AC719700B4875F /* CodeBase */ = {
			isa = PBXGroup;
			children = (
				35F2DC8528AC71B400B4875F /* CodeViewController.swift */,
				35C00D0328AC8254002EF8AE /* CodeSnapViewController.swift */,
				35C00D0728AC8C11002EF8AE /* CodeSnap2ViewController.swift */,
			);
			path = CodeBase;
			sourceTree = "<group>";
		};
/* End PBXGroup section */

/* Begin PBXNativeTarget section */
		3501191D28AB1FD200681882 /* SeSAC2Week7Diary */ = {
			isa = PBXNativeTarget;
			buildConfigurationList = 3501193228AB1FD300681882 /* Build configuration list for PBXNativeTarget "SeSAC2Week7Diary" */;
			buildPhases = (
				3501191A28AB1FD200681882 /* Sources */,
				3501191B28AB1FD200681882 /* Frameworks */,
				3501191C28AB1FD200681882 /* Resources */,
				3501194128AB20FA00681882 /* Embed Frameworks */,
			);
			buildRules = (
			);
			dependencies = (
			);
			name = SeSAC2Week7Diary;
			packageProductDependencies = (
				35F2DC8828AC81BF00B4875F /* SnapKit */,
			);
			productName = SeSAC2Week7Diary;
			productReference = 3501191E28AB1FD200681882 /* SeSAC2Week7Diary.app */;
			productType = "com.apple.product-type.application";
		};
/* End PBXNativeTarget section */

/* Begin PBXProject section */
		3501191628AB1FD200681882 /* Project object */ = {
			isa = PBXProject;
			attributes = {
				BuildIndependentTargetsInParallel = 1;
				LastSwiftUpdateCheck = 1340;
				LastUpgradeCheck = 1340;
				TargetAttributes = {
					3501191D28AB1FD200681882 = {
						CreatedOnToolsVersion = 13.4.1;
					};
				};
			};
			buildConfigurationList = 3501191928AB1FD200681882 /* Build configuration list for PBXProject "SeSAC2Week7Diary" */;
			compatibilityVersion = "Xcode 13.0";
			developmentRegion = en;
			hasScannedForEncodings = 0;
			knownRegions = (
				en,
				Base,
			);
			mainGroup = 3501191528AB1FD200681882;
			packageReferences = (
				35F2DC8728AC81BF00B4875F /* XCRemoteSwiftPackageReference "SnapKit" */,
			);
			productRefGroup = 3501191F28AB1FD200681882 /* Products */;
			projectDirPath = "";
			projectReferences = (
				{
					ProductGroup = 3501194928AB2C4D00681882 /* Products */;
					ProjectRef = 3501194828AB2C4D00681882 /* SeSAC2UIFramework.xcodeproj */;
				},
			);
			projectRoot = "";
			targets = (
				3501191D28AB1FD200681882 /* SeSAC2Week7Diary */,
			);
		};
/* End PBXProject section */

/* Begin PBXReferenceProxy section */
		3501194E28AB2C4D00681882 /* SeSAC2UIFramework.framework */ = {
			isa = PBXReferenceProxy;
			fileType = wrapper.framework;
			path = SeSAC2UIFramework.framework;
			remoteRef = 3501194D28AB2C4D00681882 /* PBXContainerItemProxy */;
			sourceTree = BUILT_PRODUCTS_DIR;
		};
		3501195028AB2C4D00681882 /* SeSAC2UIFrameworkTests.xctest */ = {
			isa = PBXReferenceProxy;
			fileType = wrapper.cfbundle;
			path = SeSAC2UIFrameworkTests.xctest;
			remoteRef = 3501194F28AB2C4D00681882 /* PBXContainerItemProxy */;
			sourceTree = BUILT_PRODUCTS_DIR;
		};
/* End PBXReferenceProxy section */

/* Begin PBXResourcesBuildPhase section */
		3501191C28AB1FD200681882 /* Resources */ = {
			isa = PBXResourcesBuildPhase;
			buildActionMask = 2147483647;
			files = (
				3501192E28AB1FD300681882 /* LaunchScreen.storyboard in Resources */,
				358D95B828AB3A730033BE8D /* WalkThrough.storyboard in Resources */,
				3501192B28AB1FD300681882 /* Assets.xcassets in Resources */,
				3501192928AB1FD200681882 /* Main.storyboard in Resources */,
			);
			runOnlyForDeploymentPostprocessing = 0;
		};
/* End PBXResourcesBuildPhase section */

/* Begin PBXSourcesBuildPhase section */
		3501191A28AB1FD200681882 /* Sources */ = {
			isa = PBXSourcesBuildPhase;
			buildActionMask = 2147483647;
			files = (
				35D70A8F28AF179C0057B197 /* WriteView.swift in Sources */,
				35D70A8828AF12750057B197 /* BaseViewController.swift in Sources */,
				35E2EF8E28AF2D070051DA96 /* BlackRadiusTextField.swift in Sources */,
				3501192628AB1FD200681882 /* ViewController.swift in Sources */,
				35E51F3F28BDA8B300F8015E /* Person.swift in Sources */,
				35E51F4128BDB7A700F8015E /* URLSession+Extension.swift in Sources */,
				35B393DB28BEFC6D000008C9 /* PersonViewModel.swift in Sources */,
				357BA50A28ADDF5200F1AC10 /* UIViewController+Extension.swift in Sources */,
				3501192228AB1FD200681882 /* AppDelegate.swift in Sources */,
				35C00D0828AC8C11002EF8AE /* CodeSnap2ViewController.swift in Sources */,
				35E51F3828BD984A00F8015E /* LottoViewController.swift in Sources */,
				3501192428AB1FD200681882 /* SceneDelegate.swift in Sources */,
				35D70A8B28AF14500057B197 /* WriteViewController.swift in Sources */,
				358D95BD28AB40D80033BE8D /* SecondViewController.swift in Sources */,
				357BA50F28ADE60300F1AC10 /* ProfileViewController.swift in Sources */,
				35C00D0428AC8254002EF8AE /* CodeSnapViewController.swift in Sources */,
				358D95BF28AB40E10033BE8D /* ThirdViewController.swift in Sources */,
				35B393D728BEF8D0000008C9 /* Observable.swift in Sources */,
				35F2DC8628AC71B400B4875F /* CodeViewController.swift in Sources */,
				35D70A8D28AF16A70057B197 /* BaseView.swift in Sources */,
				35E51F3A28BD9C0000F8015E /* Lotto.swift in Sources */,
				358D95C128AB41030033BE8D /* WalkThroughViewController.swift in Sources */,
				35E51F3C28BDA74100F8015E /* PersonAPIManager.swift in Sources */,
				358D95BB28AB3A940033BE8D /* FirstViewController.swift in Sources */,
				35E51F3628BD954000F8015E /* LottoAPIManager.swift in Sources */,
			);
			runOnlyForDeploymentPostprocessing = 0;
		};
/* End PBXSourcesBuildPhase section */

/* Begin PBXVariantGroup section */
		3501192728AB1FD200681882 /* Main.storyboard */ = {
			isa = PBXVariantGroup;
			children = (
				3501192828AB1FD200681882 /* Base */,
			);
			name = Main.storyboard;
			sourceTree = "<group>";
		};
		3501192C28AB1FD300681882 /* LaunchScreen.storyboard */ = {
			isa = PBXVariantGroup;
			children = (
				3501192D28AB1FD300681882 /* Base */,
			);
			name = LaunchScreen.storyboard;
			sourceTree = "<group>";
		};
/* End PBXVariantGroup section */

/* Begin XCBuildConfiguration section */
		3501193028AB1FD300681882 /* Debug */ = {
			isa = XCBuildConfiguration;
			buildSettings = {
				ALWAYS_SEARCH_USER_PATHS = NO;
				CLANG_ANALYZER_NONNULL = YES;
				CLANG_ANALYZER_NUMBER_OBJECT_CONVERSION = YES_AGGRESSIVE;
				CLANG_CXX_LANGUAGE_STANDARD = "gnu++17";
				CLANG_ENABLE_MODULES = YES;
				CLANG_ENABLE_OBJC_ARC = YES;
				CLANG_ENABLE_OBJC_WEAK = YES;
				CLANG_WARN_BLOCK_CAPTURE_AUTORELEASING = YES;
				CLANG_WARN_BOOL_CONVERSION = YES;
				CLANG_WARN_COMMA = YES;
				CLANG_WARN_CONSTANT_CONVERSION = YES;
				CLANG_WARN_DEPRECATED_OBJC_IMPLEMENTATIONS = YES;
				CLANG_WARN_DIRECT_OBJC_ISA_USAGE = YES_ERROR;
				CLANG_WARN_DOCUMENTATION_COMMENTS = YES;
				CLANG_WARN_EMPTY_BODY = YES;
				CLANG_WARN_ENUM_CONVERSION = YES;
				CLANG_WARN_INFINITE_RECURSION = YES;
				CLANG_WARN_INT_CONVERSION = YES;
				CLANG_WARN_NON_LITERAL_NULL_CONVERSION = YES;
				CLANG_WARN_OBJC_IMPLICIT_RETAIN_SELF = YES;
				CLANG_WARN_OBJC_LITERAL_CONVERSION = YES;
				CLANG_WARN_OBJC_ROOT_CLASS = YES_ERROR;
				CLANG_WARN_QUOTED_INCLUDE_IN_FRAMEWORK_HEADER = YES;
				CLANG_WARN_RANGE_LOOP_ANALYSIS = YES;
				CLANG_WARN_STRICT_PROTOTYPES = YES;
				CLANG_WARN_SUSPICIOUS_MOVE = YES;
				CLANG_WARN_UNGUARDED_AVAILABILITY = YES_AGGRESSIVE;
				CLANG_WARN_UNREACHABLE_CODE = YES;
				CLANG_WARN__DUPLICATE_METHOD_MATCH = YES;
				COPY_PHASE_STRIP = NO;
				DEBUG_INFORMATION_FORMAT = dwarf;
				ENABLE_STRICT_OBJC_MSGSEND = YES;
				ENABLE_TESTABILITY = YES;
				GCC_C_LANGUAGE_STANDARD = gnu11;
				GCC_DYNAMIC_NO_PIC = NO;
				GCC_NO_COMMON_BLOCKS = YES;
				GCC_OPTIMIZATION_LEVEL = 0;
				GCC_PREPROCESSOR_DEFINITIONS = (
					"DEBUG=1",
					"$(inherited)",
				);
				GCC_WARN_64_TO_32_BIT_CONVERSION = YES;
				GCC_WARN_ABOUT_RETURN_TYPE = YES_ERROR;
				GCC_WARN_UNDECLARED_SELECTOR = YES;
				GCC_WARN_UNINITIALIZED_AUTOS = YES_AGGRESSIVE;
				GCC_WARN_UNUSED_FUNCTION = YES;
				GCC_WARN_UNUSED_VARIABLE = YES;
				IPHONEOS_DEPLOYMENT_TARGET = 15.5;
				MTL_ENABLE_DEBUG_INFO = INCLUDE_SOURCE;
				MTL_FAST_MATH = YES;
				ONLY_ACTIVE_ARCH = YES;
				SDKROOT = iphoneos;
				SWIFT_ACTIVE_COMPILATION_CONDITIONS = DEBUG;
				SWIFT_OPTIMIZATION_LEVEL = "-Onone";
			};
			name = Debug;
		};
		3501193128AB1FD300681882 /* Release */ = {
			isa = XCBuildConfiguration;
			buildSettings = {
				ALWAYS_SEARCH_USER_PATHS = NO;
				CLANG_ANALYZER_NONNULL = YES;
				CLANG_ANALYZER_NUMBER_OBJECT_CONVERSION = YES_AGGRESSIVE;
				CLANG_CXX_LANGUAGE_STANDARD = "gnu++17";
				CLANG_ENABLE_MODULES = YES;
				CLANG_ENABLE_OBJC_ARC = YES;
				CLANG_ENABLE_OBJC_WEAK = YES;
				CLANG_WARN_BLOCK_CAPTURE_AUTORELEASING = YES;
				CLANG_WARN_BOOL_CONVERSION = YES;
				CLANG_WARN_COMMA = YES;
				CLANG_WARN_CONSTANT_CONVERSION = YES;
				CLANG_WARN_DEPRECATED_OBJC_IMPLEMENTATIONS = YES;
				CLANG_WARN_DIRECT_OBJC_ISA_USAGE = YES_ERROR;
				CLANG_WARN_DOCUMENTATION_COMMENTS = YES;
				CLANG_WARN_EMPTY_BODY = YES;
				CLANG_WARN_ENUM_CONVERSION = YES;
				CLANG_WARN_INFINITE_RECURSION = YES;
				CLANG_WARN_INT_CONVERSION = YES;
				CLANG_WARN_NON_LITERAL_NULL_CONVERSION = YES;
				CLANG_WARN_OBJC_IMPLICIT_RETAIN_SELF = YES;
				CLANG_WARN_OBJC_LITERAL_CONVERSION = YES;
				CLANG_WARN_OBJC_ROOT_CLASS = YES_ERROR;
				CLANG_WARN_QUOTED_INCLUDE_IN_FRAMEWORK_HEADER = YES;
				CLANG_WARN_RANGE_LOOP_ANALYSIS = YES;
				CLANG_WARN_STRICT_PROTOTYPES = YES;
				CLANG_WARN_SUSPICIOUS_MOVE = YES;
				CLANG_WARN_UNGUARDED_AVAILABILITY = YES_AGGRESSIVE;
				CLANG_WARN_UNREACHABLE_CODE = YES;
				CLANG_WARN__DUPLICATE_METHOD_MATCH = YES;
				COPY_PHASE_STRIP = NO;
				DEBUG_INFORMATION_FORMAT = "dwarf-with-dsym";
				ENABLE_NS_ASSERTIONS = NO;
				ENABLE_STRICT_OBJC_MSGSEND = YES;
				GCC_C_LANGUAGE_STANDARD = gnu11;
				GCC_NO_COMMON_BLOCKS = YES;
				GCC_WARN_64_TO_32_BIT_CONVERSION = YES;
				GCC_WARN_ABOUT_RETURN_TYPE = YES_ERROR;
				GCC_WARN_UNDECLARED_SELECTOR = YES;
				GCC_WARN_UNINITIALIZED_AUTOS = YES_AGGRESSIVE;
				GCC_WARN_UNUSED_FUNCTION = YES;
				GCC_WARN_UNUSED_VARIABLE = YES;
				IPHONEOS_DEPLOYMENT_TARGET = 15.5;
				MTL_ENABLE_DEBUG_INFO = NO;
				MTL_FAST_MATH = YES;
				SDKROOT = iphoneos;
				SWIFT_COMPILATION_MODE = wholemodule;
				SWIFT_OPTIMIZATION_LEVEL = "-O";
				VALIDATE_PRODUCT = YES;
			};
			name = Release;
		};
		3501193328AB1FD300681882 /* Debug */ = {
			isa = XCBuildConfiguration;
			buildSettings = {
				ASSETCATALOG_COMPILER_APPICON_NAME = AppIcon;
				ASSETCATALOG_COMPILER_GLOBAL_ACCENT_COLOR_NAME = AccentColor;
				CODE_SIGN_STYLE = Automatic;
				CURRENT_PROJECT_VERSION = 1;
				GENERATE_INFOPLIST_FILE = YES;
				INFOPLIST_FILE = SeSAC2Week7Diary/Info.plist;
				INFOPLIST_KEY_UIApplicationSupportsIndirectInputEvents = YES;
				INFOPLIST_KEY_UILaunchStoryboardName = LaunchScreen;
				INFOPLIST_KEY_UIMainStoryboardFile = Main;
				INFOPLIST_KEY_UISupportedInterfaceOrientations_iPad = "UIInterfaceOrientationPortrait UIInterfaceOrientationPortraitUpsideDown UIInterfaceOrientationLandscapeLeft UIInterfaceOrientationLandscapeRight";
				INFOPLIST_KEY_UISupportedInterfaceOrientations_iPhone = "UIInterfaceOrientationPortrait UIInterfaceOrientationLandscapeLeft UIInterfaceOrientationLandscapeRight";
				LD_RUNPATH_SEARCH_PATHS = (
					"$(inherited)",
					"@executable_path/Frameworks",
				);
				MARKETING_VERSION = 1.0;
				PRODUCT_BUNDLE_IDENTIFIER = com.soul.SeSAC2Week7Diary;
				PRODUCT_NAME = "$(TARGET_NAME)";
				SWIFT_EMIT_LOC_STRINGS = YES;
				SWIFT_VERSION = 5.0;
				TARGETED_DEVICE_FAMILY = "1,2";
			};
			name = Debug;
		};
		3501193428AB1FD300681882 /* Release */ = {
			isa = XCBuildConfiguration;
			buildSettings = {
				ASSETCATALOG_COMPILER_APPICON_NAME = AppIcon;
				ASSETCATALOG_COMPILER_GLOBAL_ACCENT_COLOR_NAME = AccentColor;
				CODE_SIGN_STYLE = Automatic;
				CURRENT_PROJECT_VERSION = 1;
				GENERATE_INFOPLIST_FILE = YES;
				INFOPLIST_FILE = SeSAC2Week7Diary/Info.plist;
				INFOPLIST_KEY_UIApplicationSupportsIndirectInputEvents = YES;
				INFOPLIST_KEY_UILaunchStoryboardName = LaunchScreen;
				INFOPLIST_KEY_UIMainStoryboardFile = Main;
				INFOPLIST_KEY_UISupportedInterfaceOrientations_iPad = "UIInterfaceOrientationPortrait UIInterfaceOrientationPortraitUpsideDown UIInterfaceOrientationLandscapeLeft UIInterfaceOrientationLandscapeRight";
				INFOPLIST_KEY_UISupportedInterfaceOrientations_iPhone = "UIInterfaceOrientationPortrait UIInterfaceOrientationLandscapeLeft UIInterfaceOrientationLandscapeRight";
				LD_RUNPATH_SEARCH_PATHS = (
					"$(inherited)",
					"@executable_path/Frameworks",
				);
				MARKETING_VERSION = 1.0;
				PRODUCT_BUNDLE_IDENTIFIER = com.soul.SeSAC2Week7Diary;
				PRODUCT_NAME = "$(TARGET_NAME)";
				SWIFT_EMIT_LOC_STRINGS = YES;
				SWIFT_VERSION = 5.0;
				TARGETED_DEVICE_FAMILY = "1,2";
			};
			name = Release;
		};
/* End XCBuildConfiguration section */

/* Begin XCConfigurationList section */
		3501191928AB1FD200681882 /* Build configuration list for PBXProject "SeSAC2Week7Diary" */ = {
			isa = XCConfigurationList;
			buildConfigurations = (
				3501193028AB1FD300681882 /* Debug */,
				3501193128AB1FD300681882 /* Release */,
			);
			defaultConfigurationIsVisible = 0;
			defaultConfigurationName = Release;
		};
		3501193228AB1FD300681882 /* Build configuration list for PBXNativeTarget "SeSAC2Week7Diary" */ = {
			isa = XCConfigurationList;
			buildConfigurations = (
				3501193328AB1FD300681882 /* Debug */,
				3501193428AB1FD300681882 /* Release */,
			);
			defaultConfigurationIsVisible = 0;
			defaultConfigurationName = Release;
		};
/* End XCConfigurationList section */

/* Begin XCRemoteSwiftPackageReference section */
		35F2DC8728AC81BF00B4875F /* XCRemoteSwiftPackageReference "SnapKit" */ = {
			isa = XCRemoteSwiftPackageReference;
			repositoryURL = "https://github.com/SnapKit/SnapKit.git";
			requirement = {
				kind = upToNextMajorVersion;
				minimumVersion = 5.0.0;
			};
		};
/* End XCRemoteSwiftPackageReference section */

/* Begin XCSwiftPackageProductDependency section */
		35F2DC8828AC81BF00B4875F /* SnapKit */ = {
			isa = XCSwiftPackageProductDependency;
			package = 35F2DC8728AC81BF00B4875F /* XCRemoteSwiftPackageReference "SnapKit" */;
			productName = SnapKit;
		};
/* End XCSwiftPackageProductDependency section */
	};
	rootObject = 3501191628AB1FD200681882 /* Project object */;
}
